# This file is automatically @generated by Cargo.
# It is not intended for manual editing.
version = 3

[[package]]
name = "nanoserde"
version = "0.1.32"
source = "registry+https://github.com/rust-lang/crates.io-index"
checksum = "755e7965536bc54d7c9fba2df5ada5bf835b0443fd613f0a53fa199a301839d3"
dependencies = [
 "nanoserde-derive",
]

[[package]]
name = "nanoserde-derive"
version = "0.1.19"
source = "registry+https://github.com/rust-lang/crates.io-index"
checksum = "ed7a94da6c6181c35d043fc61c43ac96d3a5d739e7b8027f77650ba41504d6ab"

[[package]]
name = "rubbish"
version = "0.1.0"
dependencies = [
 "nanoserde",
]
